
Microsoft Visual Studio Solution File, Format Version 12.00
# Visual Studio Version 17
VisualStudioVersion = 17.8.34309.116
MinimumVisualStudioVersion = 10.0.40219.1
Project("{FAE04EC0-301F-11D3-BF4B-00C04F79EFBC}") = "Zadanie12345", "Zadanie12345\Zadanie12345.csproj", "{EA317133-1A73-4DA1-8B44-AA7F453C9CDA}"
EndProject
Global
	GlobalSection(SolutionConfigurationPlatforms) = preSolution
		Debug|Any CPU = Debug|Any CPU
		Release|Any CPU = Release|Any CPU
	EndGlobalSection
	GlobalSection(ProjectConfigurationPlatforms) = postSolution
		{EA317133-1A73-4DA1-8B44-AA7F453C9CDA}.Debug|Any CPU.ActiveCfg = Debug|Any CPU
		{EA317133-1A73-4DA1-8B44-AA7F453C9CDA}.Debug|Any CPU.Build.0 = Debug|Any CPU
		{EA317133-1A73-4DA1-8B44-AA7F453C9CDA}.Release|Any CPU.ActiveCfg = Release|Any CPU
		{EA317133-1A73-4DA1-8B44-AA7F453C9CDA}.Release|Any CPU.Build.0 = Release|Any CPU
	EndGlobalSection
	GlobalSection(SolutionProperties) = preSolution
		HideSolutionNode = FALSE
	EndGlobalSection
	GlobalSection(ExtensibilityGlobals) = postSolution
		SolutionGuid = {A5D82BFF-B97B-40B9-B27C-C29CDD8ED8E4}
	EndGlobalSection
EndGlobal
